
Microsoft Visual Studio Solution File, Format Version 12.00
# Visual Studio Version 16
VisualStudioVersion = 16.0.29709.97
MinimumVisualStudioVersion = 10.0.40219.1
Project("{FAE04EC0-301F-11D3-BF4B-00C04F79EFBC}") = "daviva-backend-5", "daviva-backend-5.csproj", "{BDB7CA79-D12B-4056-9A43-DCC44B13A0F8}"
EndProject
Global
	GlobalSection(SolutionConfigurationPlatforms) = preSolution
		Debug|Any CPU = Debug|Any CPU
		Release|Any CPU = Release|Any CPU
	EndGlobalSection
	GlobalSection(ProjectConfigurationPlatforms) = postSolution
		{BDB7CA79-D12B-4056-9A43-DCC44B13A0F8}.Debug|Any CPU.ActiveCfg = Debug|Any CPU
		{BDB7CA79-D12B-4056-9A43-DCC44B13A0F8}.Debug|Any CPU.Build.0 = Debug|Any CPU
		{BDB7CA79-D12B-4056-9A43-DCC44B13A0F8}.Release|Any CPU.ActiveCfg = Release|Any CPU
		{BDB7CA79-D12B-4056-9A43-DCC44B13A0F8}.Release|Any CPU.Build.0 = Release|Any CPU
	EndGlobalSection
	GlobalSection(SolutionProperties) = preSolution
		HideSolutionNode = FALSE
	EndGlobalSection
	GlobalSection(ExtensibilityGlobals) = postSolution
		SolutionGuid = {7F048021-0319-45E1-B964-DDC3E458B71E}
	EndGlobalSection
EndGlobal
